// !$*UTF8*$!
{
	archiveVersion = 1;
	classes = {
	};
	objectVersion = 50;
	objects = {

/* Begin PBXBuildFile section */
		8340026722BCEE860050E7F1 /* AppDelegate.swift in Sources */ = {isa = PBXBuildFile; fileRef = 8340026622BCEE860050E7F1 /* AppDelegate.swift */; };
		8340026922BCEE860050E7F1 /* ViewController.swift in Sources */ = {isa = PBXBuildFile; fileRef = 8340026822BCEE860050E7F1 /* ViewController.swift */; };
		8340026C22BCEE860050E7F1 /* Main.storyboard in Resources */ = {isa = PBXBuildFile; fileRef = 8340026A22BCEE860050E7F1 /* Main.storyboard */; };
		8340026E22BCEE880050E7F1 /* Assets.xcassets in Resources */ = {isa = PBXBuildFile; fileRef = 8340026D22BCEE880050E7F1 /* Assets.xcassets */; };
		8340027122BCEE880050E7F1 /* LaunchScreen.storyboard in Resources */ = {isa = PBXBuildFile; fileRef = 8340026F22BCEE880050E7F1 /* LaunchScreen.storyboard */; };
		8340028722BCEE880050E7F1 /* flightCentreTaskUITests.swift in Sources */ = {isa = PBXBuildFile; fileRef = 8340028622BCEE880050E7F1 /* flightCentreTaskUITests.swift */; };
		8340029722BD90D20050E7F1 /* FlightService.swift in Sources */ = {isa = PBXBuildFile; fileRef = 8340029622BD90D20050E7F1 /* FlightService.swift */; };
		8340029F22BD93530050E7F1 /* Flight.swift in Sources */ = {isa = PBXBuildFile; fileRef = 8340029E22BD93530050E7F1 /* Flight.swift */; };
		834002A122BD989F0050E7F1 /* FlightsResultPagePresenter.swift in Sources */ = {isa = PBXBuildFile; fileRef = 834002A022BD989F0050E7F1 /* FlightsResultPagePresenter.swift */; };
		834002A422BD9DD20050E7F1 /* Constants.swift in Sources */ = {isa = PBXBuildFile; fileRef = 834002A322BD9DD20050E7F1 /* Constants.swift */; };
		834002A622BDA6450050E7F1 /* FlightResultsPresenterTests.swift in Sources */ = {isa = PBXBuildFile; fileRef = 834002A522BDA6450050E7F1 /* FlightResultsPresenterTests.swift */; };
		834002A822BDAAC10050E7F1 /* MockFlightResults.json in Resources */ = {isa = PBXBuildFile; fileRef = 834002A722BDAAC10050E7F1 /* MockFlightResults.json */; };
		834002A922BDB1A90050E7F1 /* MockFlightResults.json in Resources */ = {isa = PBXBuildFile; fileRef = 834002A722BDAAC10050E7F1 /* MockFlightResults.json */; };
		834002AB22BDB2550050E7F1 /* FlightTests.swift in Sources */ = {isa = PBXBuildFile; fileRef = 834002AA22BDB2550050E7F1 /* FlightTests.swift */; };
		834002AD22BDC7360050E7F1 /* FlightSection.swift in Sources */ = {isa = PBXBuildFile; fileRef = 834002AC22BDC7360050E7F1 /* FlightSection.swift */; };
		834002B022BDF0C80050E7F1 /* String-extensions.swift in Sources */ = {isa = PBXBuildFile; fileRef = 834002AF22BDF0C80050E7F1 /* String-extensions.swift */; };
		834002C622BE1D410050E7F1 /* FlightResultsViewController.swift in Sources */ = {isa = PBXBuildFile; fileRef = 834002C522BE1D410050E7F1 /* FlightResultsViewController.swift */; };
		834002CB22BE2A800050E7F1 /* FlightTableViewCell.swift in Sources */ = {isa = PBXBuildFile; fileRef = 834002C922BE2A800050E7F1 /* FlightTableViewCell.swift */; };
		834002CC22BE2A800050E7F1 /* FlightTableViewCell.xib in Resources */ = {isa = PBXBuildFile; fileRef = 834002CA22BE2A800050E7F1 /* FlightTableViewCell.xib */; };
		83F9EFC422BF027200874BEB /* View-extensions.swift in Sources */ = {isa = PBXBuildFile; fileRef = 83F9EFC322BF027200874BEB /* View-extensions.swift */; };
		83F9EFC622BF09FE00874BEB /* DashView.swift in Sources */ = {isa = PBXBuildFile; fileRef = 83F9EFC522BF09FE00874BEB /* DashView.swift */; };
		83F9EFCB22BF180300874BEB /* FlightDetailViewController.swift in Sources */ = {isa = PBXBuildFile; fileRef = 83F9EFCA22BF180300874BEB /* FlightDetailViewController.swift */; };
		83FD95B522BE38CE001C2E7F /* FlightPoint.swift in Sources */ = {isa = PBXBuildFile; fileRef = 83FD95B422BE38CE001C2E7F /* FlightPoint.swift */; };
		83FD95B722BE38E6001C2E7F /* FlightPoint.xib in Resources */ = {isa = PBXBuildFile; fileRef = 83FD95B622BE38E6001C2E7F /* FlightPoint.xib */; };
/* End PBXBuildFile section */

/* Begin PBXContainerItemProxy section */
		8340027822BCEE880050E7F1 /* PBXContainerItemProxy */ = {
			isa = PBXContainerItemProxy;
			containerPortal = 8340025B22BCEE860050E7F1 /* Project object */;
			proxyType = 1;
			remoteGlobalIDString = 8340026222BCEE860050E7F1;
			remoteInfo = flightCentreTask;
		};
		8340028322BCEE880050E7F1 /* PBXContainerItemProxy */ = {
			isa = PBXContainerItemProxy;
			containerPortal = 8340025B22BCEE860050E7F1 /* Project object */;
			proxyType = 1;
			remoteGlobalIDString = 8340026222BCEE860050E7F1;
			remoteInfo = flightCentreTask;
		};
/* End PBXContainerItemProxy section */

/* Begin PBXFileReference section */
		8340026322BCEE860050E7F1 /* flightCentreTask.app */ = {isa = PBXFileReference; explicitFileType = wrapper.application; includeInIndex = 0; path = flightCentreTask.app; sourceTree = BUILT_PRODUCTS_DIR; };
		8340026622BCEE860050E7F1 /* AppDelegate.swift */ = {isa = PBXFileReference; lastKnownFileType = sourcecode.swift; path = AppDelegate.swift; sourceTree = "<group>"; };
		8340026822BCEE860050E7F1 /* ViewController.swift */ = {isa = PBXFileReference; lastKnownFileType = sourcecode.swift; path = ViewController.swift; sourceTree = "<group>"; };
		8340026B22BCEE860050E7F1 /* Base */ = {isa = PBXFileReference; lastKnownFileType = file.storyboard; name = Base; path = Base.lproj/Main.storyboard; sourceTree = "<group>"; };
		8340026D22BCEE880050E7F1 /* Assets.xcassets */ = {isa = PBXFileReference; lastKnownFileType = folder.assetcatalog; path = Assets.xcassets; sourceTree = "<group>"; };
		8340027022BCEE880050E7F1 /* Base */ = {isa = PBXFileReference; lastKnownFileType = file.storyboard; name = Base; path = Base.lproj/LaunchScreen.storyboard; sourceTree = "<group>"; };
		8340027222BCEE880050E7F1 /* Info.plist */ = {isa = PBXFileReference; lastKnownFileType = text.plist.xml; path = Info.plist; sourceTree = "<group>"; };
		8340027722BCEE880050E7F1 /* flightCentreTaskTests.xctest */ = {isa = PBXFileReference; explicitFileType = wrapper.cfbundle; includeInIndex = 0; path = flightCentreTaskTests.xctest; sourceTree = BUILT_PRODUCTS_DIR; };
		8340027D22BCEE880050E7F1 /* Info.plist */ = {isa = PBXFileReference; lastKnownFileType = text.plist.xml; path = Info.plist; sourceTree = "<group>"; };
		8340028222BCEE880050E7F1 /* flightCentreTaskUITests.xctest */ = {isa = PBXFileReference; explicitFileType = wrapper.cfbundle; includeInIndex = 0; path = flightCentreTaskUITests.xctest; sourceTree = BUILT_PRODUCTS_DIR; };
		8340028622BCEE880050E7F1 /* flightCentreTaskUITests.swift */ = {isa = PBXFileReference; lastKnownFileType = sourcecode.swift; path = flightCentreTaskUITests.swift; sourceTree = "<group>"; };
		8340028822BCEE880050E7F1 /* Info.plist */ = {isa = PBXFileReference; lastKnownFileType = text.plist.xml; path = Info.plist; sourceTree = "<group>"; };
		8340029622BD90D20050E7F1 /* FlightService.swift */ = {isa = PBXFileReference; lastKnownFileType = sourcecode.swift; path = FlightService.swift; sourceTree = "<group>"; };
		8340029E22BD93530050E7F1 /* Flight.swift */ = {isa = PBXFileReference; lastKnownFileType = sourcecode.swift; path = Flight.swift; sourceTree = "<group>"; };
		834002A022BD989F0050E7F1 /* FlightsResultPagePresenter.swift */ = {isa = PBXFileReference; lastKnownFileType = sourcecode.swift; path = FlightsResultPagePresenter.swift; sourceTree = "<group>"; };
		834002A322BD9DD20050E7F1 /* Constants.swift */ = {isa = PBXFileReference; lastKnownFileType = sourcecode.swift; path = Constants.swift; sourceTree = "<group>"; };
		834002A522BDA6450050E7F1 /* FlightResultsPresenterTests.swift */ = {isa = PBXFileReference; lastKnownFileType = sourcecode.swift; path = FlightResultsPresenterTests.swift; sourceTree = "<group>"; };
		834002A722BDAAC10050E7F1 /* MockFlightResults.json */ = {isa = PBXFileReference; lastKnownFileType = text.json; path = MockFlightResults.json; sourceTree = "<group>"; };
		834002AA22BDB2550050E7F1 /* FlightTests.swift */ = {isa = PBXFileReference; lastKnownFileType = sourcecode.swift; path = FlightTests.swift; sourceTree = "<group>"; };
		834002AC22BDC7360050E7F1 /* FlightSection.swift */ = {isa = PBXFileReference; lastKnownFileType = sourcecode.swift; path = FlightSection.swift; sourceTree = "<group>"; };
		834002AF22BDF0C80050E7F1 /* String-extensions.swift */ = {isa = PBXFileReference; lastKnownFileType = sourcecode.swift; path = "String-extensions.swift"; sourceTree = "<group>"; };
		834002C522BE1D410050E7F1 /* FlightResultsViewController.swift */ = {isa = PBXFileReference; lastKnownFileType = sourcecode.swift; path = FlightResultsViewController.swift; sourceTree = "<group>"; };
		834002C922BE2A800050E7F1 /* FlightTableViewCell.swift */ = {isa = PBXFileReference; lastKnownFileType = sourcecode.swift; path = FlightTableViewCell.swift; sourceTree = "<group>"; };
		834002CA22BE2A800050E7F1 /* FlightTableViewCell.xib */ = {isa = PBXFileReference; lastKnownFileType = file.xib; path = FlightTableViewCell.xib; sourceTree = "<group>"; };
		83F9EFC322BF027200874BEB /* View-extensions.swift */ = {isa = PBXFileReference; lastKnownFileType = sourcecode.swift; path = "View-extensions.swift"; sourceTree = "<group>"; };
		83F9EFC522BF09FE00874BEB /* DashView.swift */ = {isa = PBXFileReference; lastKnownFileType = sourcecode.swift; path = DashView.swift; sourceTree = "<group>"; };
		83F9EFCA22BF180300874BEB /* FlightDetailViewController.swift */ = {isa = PBXFileReference; lastKnownFileType = sourcecode.swift; path = FlightDetailViewController.swift; sourceTree = "<group>"; };
		83FD95B422BE38CE001C2E7F /* FlightPoint.swift */ = {isa = PBXFileReference; lastKnownFileType = sourcecode.swift; path = FlightPoint.swift; sourceTree = "<group>"; };
		83FD95B622BE38E6001C2E7F /* FlightPoint.xib */ = {isa = PBXFileReference; lastKnownFileType = file.xib; path = FlightPoint.xib; sourceTree = "<group>"; };
/* End PBXFileReference section */

/* Begin PBXFrameworksBuildPhase section */
		8340026022BCEE860050E7F1 /* Frameworks */ = {
			isa = PBXFrameworksBuildPhase;
			buildActionMask = 2147483647;
			files = (
			);
			runOnlyForDeploymentPostprocessing = 0;
		};
		8340027422BCEE880050E7F1 /* Frameworks */ = {
			isa = PBXFrameworksBuildPhase;
			buildActionMask = 2147483647;
			files = (
			);
			runOnlyForDeploymentPostprocessing = 0;
		};
		8340027F22BCEE880050E7F1 /* Frameworks */ = {
			isa = PBXFrameworksBuildPhase;
			buildActionMask = 2147483647;
			files = (
			);
			runOnlyForDeploymentPostprocessing = 0;
		};
/* End PBXFrameworksBuildPhase section */

/* Begin PBXGroup section */
		8340025A22BCEE860050E7F1 = {
			isa = PBXGroup;
			children = (
				8340026522BCEE860050E7F1 /* flightCentreTask */,
				8340027A22BCEE880050E7F1 /* flightCentreTaskTests */,
				8340028522BCEE880050E7F1 /* flightCentreTaskUITests */,
				8340026422BCEE860050E7F1 /* Products */,
			);
			sourceTree = "<group>";
		};
		8340026422BCEE860050E7F1 /* Products */ = {
			isa = PBXGroup;
			children = (
				8340026322BCEE860050E7F1 /* flightCentreTask.app */,
				8340027722BCEE880050E7F1 /* flightCentreTaskTests.xctest */,
				8340028222BCEE880050E7F1 /* flightCentreTaskUITests.xctest */,
			);
			name = Products;
			sourceTree = "<group>";
		};
		8340026522BCEE860050E7F1 /* flightCentreTask */ = {
			isa = PBXGroup;
			children = (
				83F9EFC822BF17C900874BEB /* FlightDetail */,
				834002AE22BDF0B30050E7F1 /* Util */,
				8340029822BD90F40050E7F1 /* FlightsResultPage */,
				8340029522BD90B90050E7F1 /* Services */,
				8340026622BCEE860050E7F1 /* AppDelegate.swift */,
				8340026822BCEE860050E7F1 /* ViewController.swift */,
				8340026A22BCEE860050E7F1 /* Main.storyboard */,
				8340026D22BCEE880050E7F1 /* Assets.xcassets */,
				8340026F22BCEE880050E7F1 /* LaunchScreen.storyboard */,
				8340027222BCEE880050E7F1 /* Info.plist */,
				834002A322BD9DD20050E7F1 /* Constants.swift */,
			);
			path = flightCentreTask;
			sourceTree = "<group>";
		};
		8340027A22BCEE880050E7F1 /* flightCentreTaskTests */ = {
			isa = PBXGroup;
			children = (
				8340027D22BCEE880050E7F1 /* Info.plist */,
				834002A522BDA6450050E7F1 /* FlightResultsPresenterTests.swift */,
				834002AA22BDB2550050E7F1 /* FlightTests.swift */,
				834002A722BDAAC10050E7F1 /* MockFlightResults.json */,
			);
			path = flightCentreTaskTests;
			sourceTree = "<group>";
		};
		8340028522BCEE880050E7F1 /* flightCentreTaskUITests */ = {
			isa = PBXGroup;
			children = (
				8340028622BCEE880050E7F1 /* flightCentreTaskUITests.swift */,
				8340028822BCEE880050E7F1 /* Info.plist */,
			);
			path = flightCentreTaskUITests;
			sourceTree = "<group>";
		};
		8340029522BD90B90050E7F1 /* Services */ = {
			isa = PBXGroup;
			children = (
				8340029622BD90D20050E7F1 /* FlightService.swift */,
			);
			path = Services;
			sourceTree = "<group>";
		};
		8340029822BD90F40050E7F1 /* FlightsResultPage */ = {
			isa = PBXGroup;
			children = (
				834002B622BDF4050050E7F1 /* Views */,
				834002B122BDF1650050E7F1 /* TableViewCells */,
				8340029B22BD91270050E7F1 /* Presenter */,
				8340029A22BD911D0050E7F1 /* Controllers */,
				8340029922BD91090050E7F1 /* Models */,
			);
			path = FlightsResultPage;
			sourceTree = "<group>";
		};
		8340029922BD91090050E7F1 /* Models */ = {
			isa = PBXGroup;
			children = (
				8340029E22BD93530050E7F1 /* Flight.swift */,
				834002AC22BDC7360050E7F1 /* FlightSection.swift */,
			);
			path = Models;
			sourceTree = "<group>";
		};
		8340029A22BD911D0050E7F1 /* Controllers */ = {
			isa = PBXGroup;
			children = (
				834002C522BE1D410050E7F1 /* FlightResultsViewController.swift */,
			);
			path = Controllers;
			sourceTree = "<group>";
		};
		8340029B22BD91270050E7F1 /* Presenter */ = {
			isa = PBXGroup;
			children = (
				834002A022BD989F0050E7F1 /* FlightsResultPagePresenter.swift */,
			);
			path = Presenter;
			sourceTree = "<group>";
		};
		834002AE22BDF0B30050E7F1 /* Util */ = {
			isa = PBXGroup;
			children = (
				834002AF22BDF0C80050E7F1 /* String-extensions.swift */,
				83F9EFC322BF027200874BEB /* View-extensions.swift */,
			);
			path = Util;
			sourceTree = "<group>";
		};
		834002B122BDF1650050E7F1 /* TableViewCells */ = {
			isa = PBXGroup;
			children = (
				834002C922BE2A800050E7F1 /* FlightTableViewCell.swift */,
				834002CA22BE2A800050E7F1 /* FlightTableViewCell.xib */,
			);
			path = TableViewCells;
			sourceTree = "<group>";
		};
		834002B622BDF4050050E7F1 /* Views */ = {
			isa = PBXGroup;
			children = (
				83FD95B422BE38CE001C2E7F /* FlightPoint.swift */,
				83F9EFC522BF09FE00874BEB /* DashView.swift */,
				83FD95B622BE38E6001C2E7F /* FlightPoint.xib */,
			);
			path = Views;
			sourceTree = "<group>";
		};
		83F9EFC822BF17C900874BEB /* FlightDetail */ = {
			isa = PBXGroup;
			children = (
				83F9EFC922BF17E900874BEB /* Controllers */,
			);
			path = FlightDetail;
			sourceTree = "<group>";
		};
		83F9EFC922BF17E900874BEB /* Controllers */ = {
			isa = PBXGroup;
			children = (
				83F9EFCA22BF180300874BEB /* FlightDetailViewController.swift */,
			);
			path = Controllers;
			sourceTree = "<group>";
		};
/* End PBXGroup section */

/* Begin PBXNativeTarget section */
		8340026222BCEE860050E7F1 /* flightCentreTask */ = {
			isa = PBXNativeTarget;
			buildConfigurationList = 8340028B22BCEE880050E7F1 /* Build configuration list for PBXNativeTarget "flightCentreTask" */;
			buildPhases = (
				8340025F22BCEE860050E7F1 /* Sources */,
				8340026022BCEE860050E7F1 /* Frameworks */,
				8340026122BCEE860050E7F1 /* Resources */,
			);
			buildRules = (
			);
			dependencies = (
			);
			name = flightCentreTask;
			productName = flightCentreTask;
			productReference = 8340026322BCEE860050E7F1 /* flightCentreTask.app */;
			productType = "com.apple.product-type.application";
		};
		8340027622BCEE880050E7F1 /* flightCentreTaskTests */ = {
			isa = PBXNativeTarget;
			buildConfigurationList = 8340028E22BCEE880050E7F1 /* Build configuration list for PBXNativeTarget "flightCentreTaskTests" */;
			buildPhases = (
				8340027322BCEE880050E7F1 /* Sources */,
				8340027422BCEE880050E7F1 /* Frameworks */,
				8340027522BCEE880050E7F1 /* Resources */,
			);
			buildRules = (
			);
			dependencies = (
				8340027922BCEE880050E7F1 /* PBXTargetDependency */,
			);
			name = flightCentreTaskTests;
			productName = flightCentreTaskTests;
			productReference = 8340027722BCEE880050E7F1 /* flightCentreTaskTests.xctest */;
			productType = "com.apple.product-type.bundle.unit-test";
		};
		8340028122BCEE880050E7F1 /* flightCentreTaskUITests */ = {
			isa = PBXNativeTarget;
			buildConfigurationList = 8340029122BCEE880050E7F1 /* Build configuration list for PBXNativeTarget "flightCentreTaskUITests" */;
			buildPhases = (
				8340027E22BCEE880050E7F1 /* Sources */,
				8340027F22BCEE880050E7F1 /* Frameworks */,
				8340028022BCEE880050E7F1 /* Resources */,
			);
			buildRules = (
			);
			dependencies = (
				8340028422BCEE880050E7F1 /* PBXTargetDependency */,
			);
			name = flightCentreTaskUITests;
			productName = flightCentreTaskUITests;
			productReference = 8340028222BCEE880050E7F1 /* flightCentreTaskUITests.xctest */;
			productType = "com.apple.product-type.bundle.ui-testing";
		};
/* End PBXNativeTarget section */

/* Begin PBXProject section */
		8340025B22BCEE860050E7F1 /* Project object */ = {
			isa = PBXProject;
			attributes = {
				LastSwiftUpdateCheck = 1020;
				LastUpgradeCheck = 1020;
				ORGANIZATIONNAME = "Matthew Lewis";
				TargetAttributes = {
					8340026222BCEE860050E7F1 = {
						CreatedOnToolsVersion = 10.2.1;
					};
					8340027622BCEE880050E7F1 = {
						CreatedOnToolsVersion = 10.2.1;
						TestTargetID = 8340026222BCEE860050E7F1;
					};
					8340028122BCEE880050E7F1 = {
						CreatedOnToolsVersion = 10.2.1;
						TestTargetID = 8340026222BCEE860050E7F1;
					};
				};
			};
			buildConfigurationList = 8340025E22BCEE860050E7F1 /* Build configuration list for PBXProject "flightCentreTask" */;
			compatibilityVersion = "Xcode 9.3";
			developmentRegion = en;
			hasScannedForEncodings = 0;
			knownRegions = (
				en,
				Base,
			);
			mainGroup = 8340025A22BCEE860050E7F1;
			productRefGroup = 8340026422BCEE860050E7F1 /* Products */;
			projectDirPath = "";
			projectRoot = "";
			targets = (
				8340026222BCEE860050E7F1 /* flightCentreTask */,
				8340027622BCEE880050E7F1 /* flightCentreTaskTests */,
				8340028122BCEE880050E7F1 /* flightCentreTaskUITests */,
			);
		};
/* End PBXProject section */

/* Begin PBXResourcesBuildPhase section */
		8340026122BCEE860050E7F1 /* Resources */ = {
			isa = PBXResourcesBuildPhase;
			buildActionMask = 2147483647;
			files = (
				834002CC22BE2A800050E7F1 /* FlightTableViewCell.xib in Resources */,
				834002A922BDB1A90050E7F1 /* MockFlightResults.json in Resources */,
				83FD95B722BE38E6001C2E7F /* FlightPoint.xib in Resources */,
				8340027122BCEE880050E7F1 /* LaunchScreen.storyboard in Resources */,
				8340026E22BCEE880050E7F1 /* Assets.xcassets in Resources */,
				8340026C22BCEE860050E7F1 /* Main.storyboard in Resources */,
			);
			runOnlyForDeploymentPostprocessing = 0;
		};
		8340027522BCEE880050E7F1 /* Resources */ = {
			isa = PBXResourcesBuildPhase;
			buildActionMask = 2147483647;
			files = (
				834002A822BDAAC10050E7F1 /* MockFlightResults.json in Resources */,
			);
			runOnlyForDeploymentPostprocessing = 0;
		};
		8340028022BCEE880050E7F1 /* Resources */ = {
			isa = PBXResourcesBuildPhase;
			buildActionMask = 2147483647;
			files = (
			);
			runOnlyForDeploymentPostprocessing = 0;
		};
/* End PBXResourcesBuildPhase section */

/* Begin PBXSourcesBuildPhase section */
		8340025F22BCEE860050E7F1 /* Sources */ = {
			isa = PBXSourcesBuildPhase;
			buildActionMask = 2147483647;
			files = (
				83F9EFC422BF027200874BEB /* View-extensions.swift in Sources */,
				8340029722BD90D20050E7F1 /* FlightService.swift in Sources */,
				83FD95B522BE38CE001C2E7F /* FlightPoint.swift in Sources */,
				834002A122BD989F0050E7F1 /* FlightsResultPagePresenter.swift in Sources */,
				834002C622BE1D410050E7F1 /* FlightResultsViewController.swift in Sources */,
				8340026922BCEE860050E7F1 /* ViewController.swift in Sources */,
				834002A422BD9DD20050E7F1 /* Constants.swift in Sources */,
				834002AD22BDC7360050E7F1 /* FlightSection.swift in Sources */,
				834002B022BDF0C80050E7F1 /* String-extensions.swift in Sources */,
				8340029F22BD93530050E7F1 /* Flight.swift in Sources */,
				83F9EFCB22BF180300874BEB /* FlightDetailViewController.swift in Sources */,
				83F9EFC622BF09FE00874BEB /* DashView.swift in Sources */,
				8340026722BCEE860050E7F1 /* AppDelegate.swift in Sources */,
				834002CB22BE2A800050E7F1 /* FlightTableViewCell.swift in Sources */,
			);
			runOnlyForDeploymentPostprocessing = 0;
		};
		8340027322BCEE880050E7F1 /* Sources */ = {
			isa = PBXSourcesBuildPhase;
			buildActionMask = 2147483647;
			files = (
				834002A622BDA6450050E7F1 /* FlightResultsPresenterTests.swift in Sources */,
				834002AB22BDB2550050E7F1 /* FlightTests.swift in Sources */,
			);
			runOnlyForDeploymentPostprocessing = 0;
		};
		8340027E22BCEE880050E7F1 /* Sources */ = {
			isa = PBXSourcesBuildPhase;
			buildActionMask = 2147483647;
			files = (
				8340028722BCEE880050E7F1 /* flightCentreTaskUITests.swift in Sources */,
			);
			runOnlyForDeploymentPostprocessing = 0;
		};
/* End PBXSourcesBuildPhase section */

/* Begin PBXTargetDependency section */
		8340027922BCEE880050E7F1 /* PBXTargetDependency */ = {
			isa = PBXTargetDependency;
			target = 8340026222BCEE860050E7F1 /* flightCentreTask */;
			targetProxy = 8340027822BCEE880050E7F1 /* PBXContainerItemProxy */;
		};
		8340028422BCEE880050E7F1 /* PBXTargetDependency */ = {
			isa = PBXTargetDependency;
			target = 8340026222BCEE860050E7F1 /* flightCentreTask */;
			targetProxy = 8340028322BCEE880050E7F1 /* PBXContainerItemProxy */;
		};
/* End PBXTargetDependency section */

/* Begin PBXVariantGroup section */
		8340026A22BCEE860050E7F1 /* Main.storyboard */ = {
			isa = PBXVariantGroup;
			children = (
				8340026B22BCEE860050E7F1 /* Base */,
			);
			name = Main.storyboard;
			sourceTree = "<group>";
		};
		8340026F22BCEE880050E7F1 /* LaunchScreen.storyboard */ = {
			isa = PBXVariantGroup;
			children = (
				8340027022BCEE880050E7F1 /* Base */,
			);
			name = LaunchScreen.storyboard;
			sourceTree = "<group>";
		};
/* End PBXVariantGroup section */

/* Begin XCBuildConfiguration section */
		8340028922BCEE880050E7F1 /* Debug */ = {
			isa = XCBuildConfiguration;
			buildSettings = {
				ALWAYS_SEARCH_USER_PATHS = NO;
				CLANG_ANALYZER_NONNULL = YES;
				CLANG_ANALYZER_NUMBER_OBJECT_CONVERSION = YES_AGGRESSIVE;
				CLANG_CXX_LANGUAGE_STANDARD = "gnu++14";
				CLANG_CXX_LIBRARY = "libc++";
				CLANG_ENABLE_MODULES = YES;
				CLANG_ENABLE_OBJC_ARC = YES;
				CLANG_ENABLE_OBJC_WEAK = YES;
				CLANG_WARN_BLOCK_CAPTURE_AUTORELEASING = YES;
				CLANG_WARN_BOOL_CONVERSION = YES;
				CLANG_WARN_COMMA = YES;
				CLANG_WARN_CONSTANT_CONVERSION = YES;
				CLANG_WARN_DEPRECATED_OBJC_IMPLEMENTATIONS = YES;
				CLANG_WARN_DIRECT_OBJC_ISA_USAGE = YES_ERROR;
				CLANG_WARN_DOCUMENTATION_COMMENTS = YES;
				CLANG_WARN_EMPTY_BODY = YES;
				CLANG_WARN_ENUM_CONVERSION = YES;
				CLANG_WARN_INFINITE_RECURSION = YES;
				CLANG_WARN_INT_CONVERSION = YES;
				CLANG_WARN_NON_LITERAL_NULL_CONVERSION = YES;
				CLANG_WARN_OBJC_IMPLICIT_RETAIN_SELF = YES;
				CLANG_WARN_OBJC_LITERAL_CONVERSION = YES;
				CLANG_WARN_OBJC_ROOT_CLASS = YES_ERROR;
				CLANG_WARN_RANGE_LOOP_ANALYSIS = YES;
				CLANG_WARN_STRICT_PROTOTYPES = YES;
				CLANG_WARN_SUSPICIOUS_MOVE = YES;
				CLANG_WARN_UNGUARDED_AVAILABILITY = YES_AGGRESSIVE;
				CLANG_WARN_UNREACHABLE_CODE = YES;
				CLANG_WARN__DUPLICATE_METHOD_MATCH = YES;
				CODE_SIGN_IDENTITY = "iPhone Developer";
				COPY_PHASE_STRIP = NO;
				DEBUG_INFORMATION_FORMAT = dwarf;
				ENABLE_STRICT_OBJC_MSGSEND = YES;
				ENABLE_TESTABILITY = YES;
				GCC_C_LANGUAGE_STANDARD = gnu11;
				GCC_DYNAMIC_NO_PIC = NO;
				GCC_NO_COMMON_BLOCKS = YES;
				GCC_OPTIMIZATION_LEVEL = 0;
				GCC_PREPROCESSOR_DEFINITIONS = (
					"DEBUG=1",
					"$(inherited)",
				);
				GCC_WARN_64_TO_32_BIT_CONVERSION = YES;
				GCC_WARN_ABOUT_RETURN_TYPE = YES_ERROR;
				GCC_WARN_UNDECLARED_SELECTOR = YES;
				GCC_WARN_UNINITIALIZED_AUTOS = YES_AGGRESSIVE;
				GCC_WARN_UNUSED_FUNCTION = YES;
				GCC_WARN_UNUSED_VARIABLE = YES;
				IPHONEOS_DEPLOYMENT_TARGET = 12.2;
				MTL_ENABLE_DEBUG_INFO = INCLUDE_SOURCE;
				MTL_FAST_MATH = YES;
				ONLY_ACTIVE_ARCH = YES;
				SDKROOT = iphoneos;
				SWIFT_ACTIVE_COMPILATION_CONDITIONS = DEBUG;
				SWIFT_OPTIMIZATION_LEVEL = "-Onone";
			};
			name = Debug;
		};
		8340028A22BCEE880050E7F1 /* Release */ = {
			isa = XCBuildConfiguration;
			buildSettings = {
				ALWAYS_SEARCH_USER_PATHS = NO;
				CLANG_ANALYZER_NONNULL = YES;
				CLANG_ANALYZER_NUMBER_OBJECT_CONVERSION = YES_AGGRESSIVE;
				CLANG_CXX_LANGUAGE_STANDARD = "gnu++14";
				CLANG_CXX_LIBRARY = "libc++";
				CLANG_ENABLE_MODULES = YES;
				CLANG_ENABLE_OBJC_ARC = YES;
				CLANG_ENABLE_OBJC_WEAK = YES;
				CLANG_WARN_BLOCK_CAPTURE_AUTORELEASING = YES;
				CLANG_WARN_BOOL_CONVERSION = YES;
				CLANG_WARN_COMMA = YES;
				CLANG_WARN_CONSTANT_CONVERSION = YES;
				CLANG_WARN_DEPRECATED_OBJC_IMPLEMENTATIONS = YES;
				CLANG_WARN_DIRECT_OBJC_ISA_USAGE = YES_ERROR;
				CLANG_WARN_DOCUMENTATION_COMMENTS = YES;
				CLANG_WARN_EMPTY_BODY = YES;
				CLANG_WARN_ENUM_CONVERSION = YES;
				CLANG_WARN_INFINITE_RECURSION = YES;
				CLANG_WARN_INT_CONVERSION = YES;
				CLANG_WARN_NON_LITERAL_NULL_CONVERSION = YES;
				CLANG_WARN_OBJC_IMPLICIT_RETAIN_SELF = YES;
				CLANG_WARN_OBJC_LITERAL_CONVERSION = YES;
				CLANG_WARN_OBJC_ROOT_CLASS = YES_ERROR;
				CLANG_WARN_RANGE_LOOP_ANALYSIS = YES;
				CLANG_WARN_STRICT_PROTOTYPES = YES;
				CLANG_WARN_SUSPICIOUS_MOVE = YES;
				CLANG_WARN_UNGUARDED_AVAILABILITY = YES_AGGRESSIVE;
				CLANG_WARN_UNREACHABLE_CODE = YES;
				CLANG_WARN__DUPLICATE_METHOD_MATCH = YES;
				CODE_SIGN_IDENTITY = "iPhone Developer";
				COPY_PHASE_STRIP = NO;
				DEBUG_INFORMATION_FORMAT = "dwarf-with-dsym";
				ENABLE_NS_ASSERTIONS = NO;
				ENABLE_STRICT_OBJC_MSGSEND = YES;
				GCC_C_LANGUAGE_STANDARD = gnu11;
				GCC_NO_COMMON_BLOCKS = YES;
				GCC_WARN_64_TO_32_BIT_CONVERSION = YES;
				GCC_WARN_ABOUT_RETURN_TYPE = YES_ERROR;
				GCC_WARN_UNDECLARED_SELECTOR = YES;
				GCC_WARN_UNINITIALIZED_AUTOS = YES_AGGRESSIVE;
				GCC_WARN_UNUSED_FUNCTION = YES;
				GCC_WARN_UNUSED_VARIABLE = YES;
				IPHONEOS_DEPLOYMENT_TARGET = 12.2;
				MTL_ENABLE_DEBUG_INFO = NO;
				MTL_FAST_MATH = YES;
				SDKROOT = iphoneos;
				SWIFT_COMPILATION_MODE = wholemodule;
				SWIFT_OPTIMIZATION_LEVEL = "-O";
				VALIDATE_PRODUCT = YES;
			};
			name = Release;
		};
		8340028C22BCEE880050E7F1 /* Debug */ = {
			isa = XCBuildConfiguration;
			buildSettings = {
				ASSETCATALOG_COMPILER_APPICON_NAME = AppIcon;
				CODE_SIGN_STYLE = Automatic;
				DEVELOPMENT_TEAM = RK69U4TTE6;
				INFOPLIST_FILE = flightCentreTask/Info.plist;
				LD_RUNPATH_SEARCH_PATHS = (
					"$(inherited)",
					"@executable_path/Frameworks",
				);
				PRODUCT_BUNDLE_IDENTIFIER = mlewis.flightCentreTask;
				PRODUCT_NAME = "$(TARGET_NAME)";
				SWIFT_VERSION = 5.0;
				TARGETED_DEVICE_FAMILY = "1,2";
			};
			name = Debug;
		};
		8340028D22BCEE880050E7F1 /* Release */ = {
			isa = XCBuildConfiguration;
			buildSettings = {
				ASSETCATALOG_COMPILER_APPICON_NAME = AppIcon;
				CODE_SIGN_STYLE = Automatic;
				DEVELOPMENT_TEAM = RK69U4TTE6;
				INFOPLIST_FILE = flightCentreTask/Info.plist;
				LD_RUNPATH_SEARCH_PATHS = (
					"$(inherited)",
					"@executable_path/Frameworks",
				);
				PRODUCT_BUNDLE_IDENTIFIER = mlewis.flightCentreTask;
				PRODUCT_NAME = "$(TARGET_NAME)";
				SWIFT_VERSION = 5.0;
				TARGETED_DEVICE_FAMILY = "1,2";
			};
			name = Release;
		};
		8340028F22BCEE880050E7F1 /* Debug */ = {
			isa = XCBuildConfiguration;
			buildSettings = {
				ALWAYS_EMBED_SWIFT_STANDARD_LIBRARIES = YES;
				BUNDLE_LOADER = "$(TEST_HOST)";
				CODE_SIGN_STYLE = Automatic;
				DEVELOPMENT_TEAM = RK69U4TTE6;
				INFOPLIST_FILE = flightCentreTaskTests/Info.plist;
				LD_RUNPATH_SEARCH_PATHS = (
					"$(inherited)",
					"@executable_path/Frameworks",
					"@loader_path/Frameworks",
				);
				PRODUCT_BUNDLE_IDENTIFIER = mlewis.flightCentreTaskTests;
				PRODUCT_NAME = "$(TARGET_NAME)";
				SWIFT_VERSION = 5.0;
				TARGETED_DEVICE_FAMILY = "1,2";
				TEST_HOST = "$(BUILT_PRODUCTS_DIR)/flightCentreTask.app/flightCentreTask";
			};
			name = Debug;
		};
		8340029022BCEE880050E7F1 /* Release */ = {
			isa = XCBuildConfiguration;
			buildSettings = {
				ALWAYS_EMBED_SWIFT_STANDARD_LIBRARIES = YES;
				BUNDLE_LOADER = "$(TEST_HOST)";
				CODE_SIGN_STYLE = Automatic;
				DEVELOPMENT_TEAM = RK69U4TTE6;
				INFOPLIST_FILE = flightCentreTaskTests/Info.plist;
				LD_RUNPATH_SEARCH_PATHS = (
					"$(inherited)",
					"@executable_path/Frameworks",
					"@loader_path/Frameworks",
				);
				PRODUCT_BUNDLE_IDENTIFIER = mlewis.flightCentreTaskTests;
				PRODUCT_NAME = "$(TARGET_NAME)";
				SWIFT_VERSION = 5.0;
				TARGETED_DEVICE_FAMILY = "1,2";
				TEST_HOST = "$(BUILT_PRODUCTS_DIR)/flightCentreTask.app/flightCentreTask";
			};
			name = Release;
		};
		8340029222BCEE880050E7F1 /* Debug */ = {
			isa = XCBuildConfiguration;
			buildSettings = {
				ALWAYS_EMBED_SWIFT_STANDARD_LIBRARIES = YES;
				CODE_SIGN_STYLE = Automatic;
				DEVELOPMENT_TEAM = RK69U4TTE6;
				INFOPLIST_FILE = flightCentreTaskUITests/Info.plist;
				LD_RUNPATH_SEARCH_PATHS = (
					"$(inherited)",
					"@executable_path/Frameworks",
					"@loader_path/Frameworks",
				);
				PRODUCT_BUNDLE_IDENTIFIER = mlewis.flightCentreTaskUITests;
				PRODUCT_NAME = "$(TARGET_NAME)";
				SWIFT_VERSION = 5.0;
				TARGETED_DEVICE_FAMILY = "1,2";
				TEST_TARGET_NAME = flightCentreTask;
			};
			name = Debug;
		};
		8340029322BCEE880050E7F1 /* Release */ = {
			isa = XCBuildConfiguration;
			buildSettings = {
				ALWAYS_EMBED_SWIFT_STANDARD_LIBRARIES = YES;
				CODE_SIGN_STYLE = Automatic;
				DEVELOPMENT_TEAM = RK69U4TTE6;
				INFOPLIST_FILE = flightCentreTaskUITests/Info.plist;
				LD_RUNPATH_SEARCH_PATHS = (
					"$(inherited)",
					"@executable_path/Frameworks",
					"@loader_path/Frameworks",
				);
				PRODUCT_BUNDLE_IDENTIFIER = mlewis.flightCentreTaskUITests;
				PRODUCT_NAME = "$(TARGET_NAME)";
				SWIFT_VERSION = 5.0;
				TARGETED_DEVICE_FAMILY = "1,2";
				TEST_TARGET_NAME = flightCentreTask;
			};
			name = Release;
		};
/* End XCBuildConfiguration section */

/* Begin XCConfigurationList section */
		8340025E22BCEE860050E7F1 /* Build configuration list for PBXProject "flightCentreTask" */ = {
			isa = XCConfigurationList;
			buildConfigurations = (
				8340028922BCEE880050E7F1 /* Debug */,
				8340028A22BCEE880050E7F1 /* Release */,
			);
			defaultConfigurationIsVisible = 0;
			defaultConfigurationName = Release;
		};
		8340028B22BCEE880050E7F1 /* Build configuration list for PBXNativeTarget "flightCentreTask" */ = {
			isa = XCConfigurationList;
			buildConfigurations = (
				8340028C22BCEE880050E7F1 /* Debug */,
				8340028D22BCEE880050E7F1 /* Release */,
			);
			defaultConfigurationIsVisible = 0;
			defaultConfigurationName = Release;
		};
		8340028E22BCEE880050E7F1 /* Build configuration list for PBXNativeTarget "flightCentreTaskTests" */ = {
			isa = XCConfigurationList;
			buildConfigurations = (
				8340028F22BCEE880050E7F1 /* Debug */,
				8340029022BCEE880050E7F1 /* Release */,
			);
			defaultConfigurationIsVisible = 0;
			defaultConfigurationName = Release;
		};
		8340029122BCEE880050E7F1 /* Build configuration list for PBXNativeTarget "flightCentreTaskUITests" */ = {
			isa = XCConfigurationList;
			buildConfigurations = (
				8340029222BCEE880050E7F1 /* Debug */,
				8340029322BCEE880050E7F1 /* Release */,
			);
			defaultConfigurationIsVisible = 0;
			defaultConfigurationName = Release;
		};
/* End XCConfigurationList section */
	};
	rootObject = 8340025B22BCEE860050E7F1 /* Project object */;
}
